
Microsoft Visual Studio Solution File, Format Version 12.00
# Visual Studio Version 17
VisualStudioVersion = 17.4.33205.214
MinimumVisualStudioVersion = 10.0.40219.1
Project("{9A19103F-16F7-4668-BE54-9A1E7A4F7556}") = "YandexMusicDiscordRPC", "YandexMusicDiscordRPC\YandexMusicDiscordRPC.csproj", "{B193C2BF-9ACD-4D68-86F7-D2D004722F48}"
EndProject
Global
	GlobalSection(SolutionConfigurationPlatforms) = preSolution
		Debug|Any CPU = Debug|Any CPU
		Release|Any CPU = Release|Any CPU
	EndGlobalSection
	GlobalSection(ProjectConfigurationPlatforms) = postSolution
		{B193C2BF-9ACD-4D68-86F7-D2D004722F48}.Debug|Any CPU.ActiveCfg = Debug|Any CPU
		{B193C2BF-9ACD-4D68-86F7-D2D004722F48}.Debug|Any CPU.Build.0 = Debug|Any CPU
		{B193C2BF-9ACD-4D68-86F7-D2D004722F48}.Release|Any CPU.ActiveCfg = Release|Any CPU
		{B193C2BF-9ACD-4D68-86F7-D2D004722F48}.Release|Any CPU.Build.0 = Release|Any CPU
	EndGlobalSection
	GlobalSection(SolutionProperties) = preSolution
		HideSolutionNode = FALSE
	EndGlobalSection
	GlobalSection(ExtensibilityGlobals) = postSolution
		SolutionGuid = {234BD1AD-99CB-40C3-9007-95B24D0C4A34}
	EndGlobalSection
EndGlobal
